
Microsoft Visual Studio Solution File, Format Version 12.00
# Visual Studio Version 17
VisualStudioVersion = 17.9.34723.18
MinimumVisualStudioVersion = 10.0.40219.1
Project("{9A19103F-16F7-4668-BE54-9A1E7A4F7556}") = "Booking.Module", "Booking.Module\Booking.Module.csproj", "{0D9C91C4-B2B5-437F-B07E-F8AE289203F4}"
EndProject
Project("{9A19103F-16F7-4668-BE54-9A1E7A4F7556}") = "Booking.Win", "Booking.Win\Booking.Win.csproj", "{4B324E66-051E-46EB-B72E-56622EFAF3A2}"
EndProject
Project("{9A19103F-16F7-4668-BE54-9A1E7A4F7556}") = "Booking.Blazor.Server", "Booking.Blazor.Server\Booking.Blazor.Server.csproj", "{33EDD663-27D9-4694-8848-6DCA7B41317E}"
EndProject
Project("{9A19103F-16F7-4668-BE54-9A1E7A4F7556}") = "Booking.E2E.Tests", "Booking.E2E.Tests\Booking.E2E.Tests.csproj", "{7A2B26EF-034F-49CA-B8FA-EF22F428E440}"
EndProject
Global
	GlobalSection(SolutionConfigurationPlatforms) = preSolution
		Debug|Any CPU = Debug|Any CPU
		EasyTest|Any CPU = EasyTest|Any CPU
		Release|Any CPU = Release|Any CPU
	EndGlobalSection
	GlobalSection(ProjectConfigurationPlatforms) = postSolution
		{0D9C91C4-B2B5-437F-B07E-F8AE289203F4}.Debug|Any CPU.ActiveCfg = Debug|Any CPU
		{0D9C91C4-B2B5-437F-B07E-F8AE289203F4}.Debug|Any CPU.Build.0 = Debug|Any CPU
		{0D9C91C4-B2B5-437F-B07E-F8AE289203F4}.EasyTest|Any CPU.ActiveCfg = EasyTest|Any CPU
		{0D9C91C4-B2B5-437F-B07E-F8AE289203F4}.EasyTest|Any CPU.Build.0 = EasyTest|Any CPU
		{0D9C91C4-B2B5-437F-B07E-F8AE289203F4}.Release|Any CPU.ActiveCfg = Release|Any CPU
		{0D9C91C4-B2B5-437F-B07E-F8AE289203F4}.Release|Any CPU.Build.0 = Release|Any CPU
		{4B324E66-051E-46EB-B72E-56622EFAF3A2}.Debug|Any CPU.ActiveCfg = Debug|Any CPU
		{4B324E66-051E-46EB-B72E-56622EFAF3A2}.Debug|Any CPU.Build.0 = Debug|Any CPU
		{4B324E66-051E-46EB-B72E-56622EFAF3A2}.EasyTest|Any CPU.ActiveCfg = EasyTest|Any CPU
		{4B324E66-051E-46EB-B72E-56622EFAF3A2}.EasyTest|Any CPU.Build.0 = EasyTest|Any CPU
		{4B324E66-051E-46EB-B72E-56622EFAF3A2}.Release|Any CPU.ActiveCfg = Release|Any CPU
		{4B324E66-051E-46EB-B72E-56622EFAF3A2}.Release|Any CPU.Build.0 = Release|Any CPU
		{33EDD663-27D9-4694-8848-6DCA7B41317E}.Debug|Any CPU.ActiveCfg = Debug|Any CPU
		{33EDD663-27D9-4694-8848-6DCA7B41317E}.Debug|Any CPU.Build.0 = Debug|Any CPU
		{33EDD663-27D9-4694-8848-6DCA7B41317E}.EasyTest|Any CPU.ActiveCfg = EasyTest|Any CPU
		{33EDD663-27D9-4694-8848-6DCA7B41317E}.EasyTest|Any CPU.Build.0 = EasyTest|Any CPU
		{33EDD663-27D9-4694-8848-6DCA7B41317E}.Release|Any CPU.ActiveCfg = Release|Any CPU
		{33EDD663-27D9-4694-8848-6DCA7B41317E}.Release|Any CPU.Build.0 = Release|Any CPU
		{7A2B26EF-034F-49CA-B8FA-EF22F428E440}.Debug|Any CPU.ActiveCfg = Debug|Any CPU
		{7A2B26EF-034F-49CA-B8FA-EF22F428E440}.Debug|Any CPU.Build.0 = Debug|Any CPU
		{7A2B26EF-034F-49CA-B8FA-EF22F428E440}.EasyTest|Any CPU.ActiveCfg = EasyTest|Any CPU
		{7A2B26EF-034F-49CA-B8FA-EF22F428E440}.EasyTest|Any CPU.Build.0 = EasyTest|Any CPU
		{7A2B26EF-034F-49CA-B8FA-EF22F428E440}.Release|Any CPU.ActiveCfg = Release|Any CPU
		{7A2B26EF-034F-49CA-B8FA-EF22F428E440}.Release|Any CPU.Build.0 = Release|Any CPU
	EndGlobalSection
	GlobalSection(SolutionProperties) = preSolution
		HideSolutionNode = FALSE
	EndGlobalSection
EndGlobal
